// !$*UTF8*$!
{
	archiveVersion = 1;
	classes = {
	};
	objectVersion = 46;
	objects = {

/* Begin PBXGroup section */
		13A598D51B8F18F00048ACA6 = {
			isa = PBXGroup;
			children = (
			);
			sourceTree = "<group>";
		};
/* End PBXGroup section */

/* Begin PBXProject section */
		13A598D61B8F18F00048ACA6 /* Project object */ = {
			isa = PBXProject;
			attributes = {
				LastUpgradeCheck = 0640;
			};
			buildConfigurationList = 13A598D91B8F18F00048ACA6 /* Build configuration list for PBXProject "NSDate+Comparable" */;
			compatibilityVersion = "Xcode 3.2";
			developmentRegion = English;
			hasScannedForEncodings = 0;
			knownRegions = (
				en,
			);
			mainGroup = 13A598D51B8F18F00048ACA6;
			projectDirPath = "";
			projectRoot = "";
			targets = (
			);
		};
/* End PBXProject section */

/* Begin XCBuildConfiguration section */
		13A598DA1B8F18F00048ACA6 /* Debug */ = {
			isa = XCBuildConfiguration;
			buildSettings = {
			};
			name = Debug;
		};
		13A598DB1B8F18F00048ACA6 /* Release */ = {
			isa = XCBuildConfiguration;
			buildSettings = {
			};
			name = Release;
		};
/* End XCBuildConfiguration section */

/* Begin XCConfigurationList section */
		13A598D91B8F18F00048ACA6 /* Build configuration list for PBXProject "NSDate+Comparable" */ = {
			isa = XCConfigurationList;
			buildConfigurations = (
				13A598DA1B8F18F00048ACA6 /* Debug */,
				13A598DB1B8F18F00048ACA6 /* Release */,
			);
			defaultConfigurationIsVisible = 0;
			defaultConfigurationName = Release;
		};
/* End XCConfigurationList section */
	};
	rootObject = 13A598D61B8F18F00048ACA6 /* Project object */;
}
